Microsoft Visual Studio Solution File, Format Version 12.00
# Visual Studio Version 17
VisualStudioVersion = 17.5.2.0
MinimumVisualStudioVersion = 10.0.40219.1
Project("{FAE04EC0-301F-11D3-BF4B-00C04F79EFBC}") = "JCK", "JCK\JCK.csproj", "{AB80F939-2A93-5CA3-60D5-77643B4B9AA0}"
EndProject
Global
	GlobalSection(SolutionConfigurationPlatforms) = preSolution
		Debug|Any CPU = Debug|Any CPU
		Release|Any CPU = Release|Any CPU
	EndGlobalSection
	GlobalSection(ProjectConfigurationPlatforms) = postSolution
		{AB80F939-2A93-5CA3-60D5-77643B4B9AA0}.Debug|Any CPU.ActiveCfg = Debug|Any CPU
		{AB80F939-2A93-5CA3-60D5-77643B4B9AA0}.Debug|Any CPU.Build.0 = Debug|Any CPU
		{AB80F939-2A93-5CA3-60D5-77643B4B9AA0}.Release|Any CPU.ActiveCfg = Release|Any CPU
		{AB80F939-2A93-5CA3-60D5-77643B4B9AA0}.Release|Any CPU.Build.0 = Release|Any CPU
	EndGlobalSection
	GlobalSection(SolutionProperties) = preSolution
		HideSolutionNode = FALSE
	EndGlobalSection
	GlobalSection(ExtensibilityGlobals) = postSolution
		SolutionGuid = {55E5FBA0-27F6-4349-896E-8C110F1F0C9A}
	EndGlobalSection
EndGlobal
